
Microsoft Visual Studio Solution File, Format Version 12.00
# Visual Studio Version 17
VisualStudioVersion = 17.5.33414.496
MinimumVisualStudioVersion = 10.0.40219.1
Project("{FAE04EC0-301F-11D3-BF4B-00C04F79EFBC}") = "SistemasAlunos", "SistemasAlunos\SistemasAlunos.csproj", "{0917AD76-C077-409B-9704-5C9292406563}"
EndProject
Global
	GlobalSection(SolutionConfigurationPlatforms) = preSolution
		Debug|Any CPU = Debug|Any CPU
		Release|Any CPU = Release|Any CPU
	EndGlobalSection
	GlobalSection(ProjectConfigurationPlatforms) = postSolution
		{0917AD76-C077-409B-9704-5C9292406563}.Debug|Any CPU.ActiveCfg = Debug|Any CPU
		{0917AD76-C077-409B-9704-5C9292406563}.Debug|Any CPU.Build.0 = Debug|Any CPU
		{0917AD76-C077-409B-9704-5C9292406563}.Release|Any CPU.ActiveCfg = Release|Any CPU
		{0917AD76-C077-409B-9704-5C9292406563}.Release|Any CPU.Build.0 = Release|Any CPU
	EndGlobalSection
	GlobalSection(SolutionProperties) = preSolution
		HideSolutionNode = FALSE
	EndGlobalSection
	GlobalSection(ExtensibilityGlobals) = postSolution
		SolutionGuid = {3255A986-73AE-4F52-99E9-E1F08CFD1B19}
	EndGlobalSection
EndGlobal
